# @generated - this file is auto-generated by `mise lock` https://mise.jdx.dev/dev-tools/mise-lock.html

lockfile_version = 2

[[tools."cargo:bacon"]]
version = "3.24.0"
backend = "cargo:bacon"
specifiers = ["latest"]

[[tools."cargo:cargo-edit"]]
version = "0.13.13"
backend = "cargo:cargo-edit"
specifiers = ["latest"]

[[tools."cargo:cargo-insta"]]
version = "1.48.0"
backend = "cargo:cargo-insta"
specifiers = ["latest"]

[[tools."cargo:cargo-nextest"]]
version = "0.9.140"
backend = "cargo:cargo-nextest"
specifiers = ["latest"]

[[tools.fnox]]
version = "1.31.1"
backend = "github:jdx/fnox"
specifiers = ["latest"]
